
Microsoft Visual Studio Solution File, Format Version 12.00
# Visual Studio Version 16
VisualStudioVersion = 16.0.30717.126
MinimumVisualStudioVersion = 10.0.40219.1
Project("{FAE04EC0-301F-11D3-BF4B-00C04F79EFBC}") = "MoneyTrack", "MoneyTrack\MoneyTrack.csproj", "{C70B573F-627B-469D-A76E-18457B024AFE}"
EndProject
Project("{FAE04EC0-301F-11D3-BF4B-00C04F79EFBC}") = "MoneyTrack.Data", "MoneyTrack.Data\MoneyTrack.Data.csproj", "{17DDA6B6-4B37-457E-BBFF-D004516D7FE8}"
EndProject
Project("{FAE04EC0-301F-11D3-BF4B-00C04F79EFBC}") = "MoneyTrack.Core", "MoneyTrack.Core\MoneyTrack.Core.csproj", "{4B937693-F174-4DC1-9BD0-46B582CF2045}"
EndProject
Project("{FAE04EC0-301F-11D3-BF4B-00C04F79EFBC}") = "MoneyTrack.Domain", "MoneyTrack.Domain\MoneyTrack.Domain.csproj", "{DCF67B70-D87E-4CF2-8511-8D00E30B43F9}"
EndProject
Global
	GlobalSection(SolutionConfigurationPlatforms) = preSolution
		Debug|Any CPU = Debug|Any CPU
		Release|Any CPU = Release|Any CPU
	EndGlobalSection
	GlobalSection(ProjectConfigurationPlatforms) = postSolution
		{C70B573F-627B-469D-A76E-18457B024AFE}.Debug|Any CPU.ActiveCfg = Debug|Any CPU
		{C70B573F-627B-469D-A76E-18457B024AFE}.Debug|Any CPU.Build.0 = Debug|Any CPU
		{C70B573F-627B-469D-A76E-18457B024AFE}.Release|Any CPU.ActiveCfg = Release|Any CPU
		{C70B573F-627B-469D-A76E-18457B024AFE}.Release|Any CPU.Build.0 = Release|Any CPU
		{17DDA6B6-4B37-457E-BBFF-D004516D7FE8}.Debug|Any CPU.ActiveCfg = Debug|Any CPU
		{17DDA6B6-4B37-457E-BBFF-D004516D7FE8}.Debug|Any CPU.Build.0 = Debug|Any CPU
		{17DDA6B6-4B37-457E-BBFF-D004516D7FE8}.Release|Any CPU.ActiveCfg = Release|Any CPU
		{17DDA6B6-4B37-457E-BBFF-D004516D7FE8}.Release|Any CPU.Build.0 = Release|Any CPU
		{4B937693-F174-4DC1-9BD0-46B582CF2045}.Debug|Any CPU.ActiveCfg = Debug|Any CPU
		{4B937693-F174-4DC1-9BD0-46B582CF2045}.Debug|Any CPU.Build.0 = Debug|Any CPU
		{4B937693-F174-4DC1-9BD0-46B582CF2045}.Release|Any CPU.ActiveCfg = Release|Any CPU
		{4B937693-F174-4DC1-9BD0-46B582CF2045}.Release|Any CPU.Build.0 = Release|Any CPU
		{DCF67B70-D87E-4CF2-8511-8D00E30B43F9}.Debug|Any CPU.ActiveCfg = Debug|Any CPU
		{DCF67B70-D87E-4CF2-8511-8D00E30B43F9}.Debug|Any CPU.Build.0 = Debug|Any CPU
		{DCF67B70-D87E-4CF2-8511-8D00E30B43F9}.Release|Any CPU.ActiveCfg = Release|Any CPU
		{DCF67B70-D87E-4CF2-8511-8D00E30B43F9}.Release|Any CPU.Build.0 = Release|Any CPU
	EndGlobalSection
	GlobalSection(SolutionProperties) = preSolution
		HideSolutionNode = FALSE
	EndGlobalSection
	GlobalSection(ExtensibilityGlobals) = postSolution
		SolutionGuid = {B21EEABE-A2F5-4E49-8CF7-D1333B5BC202}
	EndGlobalSection
EndGlobal
